// !$*UTF8*$!
{
	archiveVersion = 1;
	classes = {
	};
	objectVersion = 60;
	objects = {

/* Begin PBXBuildFile section */
			28AEE08D26564514B758977B /* ThinkingIndicator.swift in Sources */ = {isa = PBXBuildFile; fileRef = F0D5888BD4C147DE81C8114D /* ThinkingIndicator.swift */; };
			3AC6F9CE2F15D28C81501EEA /* ChatView.swift in Sources */ = {isa = PBXBuildFile; fileRef = DFEA999748FD4880AE76B25A /* ChatView.swift */; };
			A7D1E4F0C9214A7B8E3D5F10 /* CoverageMapView.swift in Sources */ = {isa = PBXBuildFile; fileRef = B8E2F5A1D0324B8C9F4E6A21 /* CoverageMapView.swift */; };
			3E524F809A74A381D7863674 /* ContentView.swift in Sources */ = {isa = PBXBuildFile; fileRef = 0C25043BCDD3165B1A9EE994 /* ContentView.swift */; };
		449C4D244B7A1C00D4AD632E /* PrivacyInfo.xcprivacy in Resources */ = {isa = PBXBuildFile; fileRef = 30145ADC199352484415BA60 /* PrivacyInfo.xcprivacy */; };
		4BBB5AC4A4384E83B3CB3E99 /* StreamChunk.swift in Sources */ = {isa = PBXBuildFile; fileRef = 7BEB09C2D39E49319063F40F /* StreamChunk.swift */; };
		53E6CFE2A6FB59CB700453BB /* KeychainHelper.swift in Sources */ = {isa = PBXBuildFile; fileRef = F978F2F0D2B85014470EDB1F /* KeychainHelper.swift */; };
		53E6CFE2A6FB59CB700453BC /* RelayClient.swift in Sources */ = {isa = PBXBuildFile; fileRef = F978F2F0D2B85014470EDB20 /* RelayClient.swift */; };
		6308C676767303AC938FD129 /* ChatViewModel.swift in Sources */ = {isa = PBXBuildFile; fileRef = FB4B6AD8A22BC95F89042271 /* ChatViewModel.swift */; };
		C1AA1001D5E34A0090B10001 /* VisionDetector.swift in Sources */ = {isa = PBXBuildFile; fileRef = C1AA1020D5E34A0090B10001 /* VisionDetector.swift */; };
		C1AA1002D5E34A0090B10001 /* VisionDetectorTests.swift in Sources */ = {isa = PBXBuildFile; fileRef = C1AA1022D5E34A0090B10001 /* VisionDetectorTests.swift */; };
		C1AA1003D5E34A0090B10001 /* person_sample.jpg in Resources */ = {isa = PBXBuildFile; fileRef = C1AA1023D5E34A0090B10001 /* person_sample.jpg */; };
		C1AA1004D5E34A0090B10001 /* animal_sample.jpg in Resources */ = {isa = PBXBuildFile; fileRef = C1AA1024D5E34A0090B10001 /* animal_sample.jpg */; };
		6B1685B1F341B6314DDB77A5 /* ConversationListView.swift in Sources */ = {isa = PBXBuildFile; fileRef = 3AC5AE07859E9065699CB5FE /* ConversationListView.swift */; };
		754FEB5C834448DA8E2246DE /* LoginView.swift in Sources */ = {isa = PBXBuildFile; fileRef = 7671A61CD7494469A0232FFC /* LoginView.swift */; };
		7A4874AD115A4A1D944E52B8 /* SettingsViewModel.swift in Sources */ = {isa = PBXBuildFile; fileRef = 862F703D18564A0E9CE80F46 /* SettingsViewModel.swift */; };
		7B5A22A66466928C9A83C19F /* ClawPhonesApp.swift in Sources */ = {isa = PBXBuildFile; fileRef = DAA521445573D71EA58448AA /* ClawPhonesApp.swift */; };
		7B76B91766B66B84EF03BA9A /* DeviceConfig.swift in Sources */ = {isa = PBXBuildFile; fileRef = E7EB7A9F06A699DF506EF17C /* DeviceConfig.swift */; };
		7CF92F190A301C0B0D50AE01 /* AlertEventStore.swift in Sources */ = {isa = PBXBuildFile; fileRef = 7CF92F190A301C0B0D50AE02 /* AlertEventStore.swift */; };
		C3AB1E9F20F04B7EAA000001 /* AlertManager.swift in Sources */ = {isa = PBXBuildFile; fileRef = C3AB1E9F20F04B7EAA000002 /* AlertManager.swift */; };
		7CF92F190A301C0B0D50AE03 /* AlertDetailView.swift in Sources */ = {isa = PBXBuildFile; fileRef = 7CF92F190A301C0B0D50AE04 /* AlertDetailView.swift */; };
		7CF92F190A301C0B0D50AE05 /* AlertHistoryView.swift in Sources */ = {isa = PBXBuildFile; fileRef = 7CF92F190A301C0B0D50AE06 /* AlertHistoryView.swift */; };
		7CF92F190A301C0B0D50AE07 /* AlertEvent.swift in Sources */ = {isa = PBXBuildFile; fileRef = 7CF92F190A301C0B0D50AE08 /* AlertEvent.swift */; };
		8485D758DFF24CE48C63F490 /* SettingsView.swift in Sources */ = {isa = PBXBuildFile; fileRef = 1B8D12A6636D41058D5DB456 /* SettingsView.swift */; };
			87D417640B4FE90663F8EE30 /* MessageRow.swift in Sources */ = {isa = PBXBuildFile; fileRef = 575C0A74873CA4D4C6F87F30 /* MessageRow.swift */; };
			96B5011849CE99D54BE27B2D /* Assets.xcassets in Resources */ = {isa = PBXBuildFile; fileRef = 06896E4FD29AE979B8155D6D /* Assets.xcassets */; };
			9FBA20A8CB73F2866E2F8A01 /* BiometricAuthService.swift in Sources */ = {isa = PBXBuildFile; fileRef = 9FBA20A8CB73F2866E2F8A02 /* BiometricAuthService.swift */; };
			A1B2C3D40100000000000001 /* ShareViewController.swift in Sources */ = {isa = PBXBuildFile; fileRef = A2B3C4D50100000000000002 /* ShareViewController.swift */; };
		A1B2C3D40100000000000003 /* ClawPhonesShare.appex in Embed App Extensions */ = {isa = PBXBuildFile; fileRef = A2B3C4D50100000000000001 /* ClawPhonesShare.appex */; settings = {ATTRIBUTES = (RemoveHeadersOnCopy, ); }; };
		A1B2C3D40100000000000004 /* SharePayloadBridge.swift in Sources */ = {isa = PBXBuildFile; fileRef = A2B3C4D50100000000000006 /* SharePayloadBridge.swift */; };
		A1B2C3D40100000000000005 /* MessageQueue.swift in Sources */ = {isa = PBXBuildFile; fileRef = A2B3C4D50100000000000007 /* MessageQueue.swift */; };
		A1B2C3D40100000000000006 /* ConversationCache.swift in Sources */ = {isa = PBXBuildFile; fileRef = A2B3C4D50100000000000008 /* ConversationCache.swift */; };
		A1D8B6377C8E4A5EA2F96B31 /* SpeechRecognizer.swift in Sources */ = {isa = PBXBuildFile; fileRef = F4B2C7939D4E41A1986A23C5 /* SpeechRecognizer.swift */; };
		A9B02360260017A42DC8546F /* OpenClawAPI.swift in Sources */ = {isa = PBXBuildFile; fileRef = 5EAD2F1A17C0F9C1A142B457 /* OpenClawAPI.swift */; };
		C8A11F59D2E84B0DA7F39002 /* AnalyticsService.swift in Sources */ = {isa = PBXBuildFile; fileRef = C8A11F59D2E84B0DA7F39001 /* AnalyticsService.swift */; };
		B1D0E0C1A2B3000000000003 /* MotionDetector.swift in Sources */ = {isa = PBXBuildFile; fileRef = B1D0E0C1A2B3000000000001 /* MotionDetector.swift */; };
		B1D0E0C1A2B3000000000004 /* NodeModeService.swift in Sources */ = {isa = PBXBuildFile; fileRef = B1D0E0C1A2B3000000000002 /* NodeModeService.swift */; };
		B1D0E0C1A2B3000000000007 /* VoiceResponder.swift in Sources */ = {isa = PBXBuildFile; fileRef = B1D0E0C1A2B3000000000005 /* VoiceResponder.swift */; };
		B1D0E0C1A2B3000000000008 /* NodeModeSettingsView.swift in Sources */ = {isa = PBXBuildFile; fileRef = B1D0E0C1A2B3000000000006 /* NodeModeSettingsView.swift */; };
		B6E77F6C59C34F4A9E80B341 /* OnboardingView.swift in Sources */ = {isa = PBXBuildFile; fileRef = 5D64C35235EE4A72B4BCAC3D /* OnboardingView.swift */; };
		B909E20879439BD44BC7D68E /* Message.swift in Sources */ = {isa = PBXBuildFile; fileRef = 5B9BE935A3A036729805815B /* Message.swift */; };
		BF0C057F4C1EB0639041006A /* ChatInputBar.swift in Sources */ = {isa = PBXBuildFile; fileRef = 529105A52C7F000A0054A75F /* ChatInputBar.swift */; };
		C1D2E3F40102030405060708 /* LaunchScreen.storyboard in Resources */ = {isa = PBXBuildFile; fileRef = C1D2E3F40102030405060709 /* LaunchScreen.storyboard */; };
		C39C68C22C5D4627BE6656AB /* AIConfigView.swift in Sources */ = {isa = PBXBuildFile; fileRef = F59290DE3BD6463EA50E0D45 /* AIConfigView.swift */; };
		D38A010CAD8646EA86AEEF5E /* AuthViewModel.swift in Sources */ = {isa = PBXBuildFile; fileRef = 0481E7B723374FBCA7BAB658 /* AuthViewModel.swift */; };
		D5A2F823B2D34E6C9EAB1C2D /* CrashReporter.swift in Sources */ = {isa = PBXBuildFile; fileRef = C4F1E712A1C24F5B8D9A0B1C /* CrashReporter.swift */; };
		DD7A8C00A79304765E826751 /* ConversationListViewModel.swift in Sources */ = {isa = PBXBuildFile; fileRef = 0A672C209A8C2BFB13F1B726 /* ConversationListViewModel.swift */; };
		E0824FE9B448855B1D60031B /* SetupView.swift in Sources */ = {isa = PBXBuildFile; fileRef = 8BF3986839DCF6C9FD74576D /* SetupView.swift */; };
		E95210B60420431CA5A0F782 /* PlanView.swift in Sources */ = {isa = PBXBuildFile; fileRef = E958567AAFAC4CB4B2935E2F /* PlanView.swift */; };
		D1AA0000D5E34A0090B10001 /* CommunityService.swift in Sources */ = {isa = PBXBuildFile; fileRef = D0AA0000D5E34A0090B10001 /* CommunityService.swift */; };
		D1AA0001D5E34A0090B10001 /* DeveloperService.swift in Sources */ = {isa = PBXBuildFile; fileRef = D0AA0001D5E34A0090B10001 /* DeveloperService.swift */; };
		D1AA0002D5E34A0090B10001 /* EdgeComputeService.swift in Sources */ = {isa = PBXBuildFile; fileRef = D0AA0002D5E34A0090B10001 /* EdgeComputeService.swift */; };
		D1AA0003D5E34A0090B10001 /* ErrorHandler.swift in Sources */ = {isa = PBXBuildFile; fileRef = D0AA0003D5E34A0090B10001 /* ErrorHandler.swift */; };
		D1AA0004D5E34A0090B10001 /* PerformanceService.swift in Sources */ = {isa = PBXBuildFile; fileRef = D0AA0004D5E34A0090B10001 /* PerformanceService.swift */; };
		D1AA0005D5E34A0090B10001 /* PrivacyService.swift in Sources */ = {isa = PBXBuildFile; fileRef = D0AA0005D5E34A0090B10001 /* PrivacyService.swift */; };
		D1AA0006D5E34A0090B10001 /* PushNotificationService.swift in Sources */ = {isa = PBXBuildFile; fileRef = D0AA0006D5E34A0090B10001 /* PushNotificationService.swift */; };
		D1AA0007D5E34A0090B10001 /* TaskMarketService.swift in Sources */ = {isa = PBXBuildFile; fileRef = D0AA0007D5E34A0090B10001 /* TaskMarketService.swift */; };
		D1AA0008D5E34A0090B10001 /* TokenEconomyService.swift in Sources */ = {isa = PBXBuildFile; fileRef = D0AA0008D5E34A0090B10001 /* TokenEconomyService.swift */; };
		D1AA0009D5E34A0090B10001 /* WebSocketService.swift in Sources */ = {isa = PBXBuildFile; fileRef = D0AA0009D5E34A0090B10001 /* WebSocketService.swift */; };
		D1AA000AD5E34A0090B10001 /* AuditLogView.swift in Sources */ = {isa = PBXBuildFile; fileRef = D0AA000AD5E34A0090B10001 /* AuditLogView.swift */; };
		D1AA000BD5E34A0090B10001 /* CommunityDetailView.swift in Sources */ = {isa = PBXBuildFile; fileRef = D0AA000BD5E34A0090B10001 /* CommunityDetailView.swift */; };
		D1AA000CD5E34A0090B10001 /* CommunityListView.swift in Sources */ = {isa = PBXBuildFile; fileRef = D0AA000CD5E34A0090B10001 /* CommunityListView.swift */; };
		D1AA000DD5E34A0090B10001 /* CommunitySettingsView.swift in Sources */ = {isa = PBXBuildFile; fileRef = D0AA000DD5E34A0090B10001 /* CommunitySettingsView.swift */; };
		D1AA000ED5E34A0090B10001 /* DeveloperPortalView.swift in Sources */ = {isa = PBXBuildFile; fileRef = D0AA000ED5E34A0090B10001 /* DeveloperPortalView.swift */; };
		D1AA000FD5E34A0090B10001 /* EarningsView.swift in Sources */ = {isa = PBXBuildFile; fileRef = D0AA000FD5E34A0090B10001 /* EarningsView.swift */; };
		D1AA0010D5E34A0090B10001 /* EdgeComputeView.swift in Sources */ = {isa = PBXBuildFile; fileRef = D0AA0010D5E34A0090B10001 /* EdgeComputeView.swift */; };
		D1AA0011D5E34A0090B10001 /* ExploreView.swift in Sources */ = {isa = PBXBuildFile; fileRef = D0AA0011D5E34A0090B10001 /* ExploreView.swift */; };
		D1AA0012D5E34A0090B10001 /* LeaderboardView.swift in Sources */ = {isa = PBXBuildFile; fileRef = D0AA0012D5E34A0090B10001 /* LeaderboardView.swift */; };
		D1AA0013D5E34A0090B10001 /* PerformanceDashboardView.swift in Sources */ = {isa = PBXBuildFile; fileRef = D0AA0013D5E34A0090B10001 /* PerformanceDashboardView.swift */; };
		D1AA0014D5E34A0090B10001 /* PluginMarketView.swift in Sources */ = {isa = PBXBuildFile; fileRef = D0AA0014D5E34A0090B10001 /* PluginMarketView.swift */; };
		D1AA0015D5E34A0090B10001 /* PrivacyCenterView.swift in Sources */ = {isa = PBXBuildFile; fileRef = D0AA0015D5E34A0090B10001 /* PrivacyCenterView.swift */; };
		D1AA0016D5E34A0090B10001 /* RewardsView.swift in Sources */ = {isa = PBXBuildFile; fileRef = D0AA0016D5E34A0090B10001 /* RewardsView.swift */; };
		D1AA0017D5E34A0090B10001 /* TaskDetailView.swift in Sources */ = {isa = PBXBuildFile; fileRef = D0AA0017D5E34A0090B10001 /* TaskDetailView.swift */; };
		D1AA0018D5E34A0090B10001 /* TaskListView.swift in Sources */ = {isa = PBXBuildFile; fileRef = D0AA0018D5E34A0090B10001 /* TaskListView.swift */; };
		D1AA0019D5E34A0090B10001 /* UsageDashboardView.swift in Sources */ = {isa = PBXBuildFile; fileRef = D0AA0019D5E34A0090B10001 /* UsageDashboardView.swift */; };
		D1AA001AD5E34A0090B10001 /* WalletView.swift in Sources */ = {isa = PBXBuildFile; fileRef = D0AA001AD5E34A0090B10001 /* WalletView.swift */; };
		D1AA001BD5E34A0090B10001 /* ClawTask.swift in Sources */ = {isa = PBXBuildFile; fileRef = D0AA001BD5E34A0090B10001 /* ClawTask.swift */; };
		D1AA001CD5E34A0090B10001 /* Community.swift in Sources */ = {isa = PBXBuildFile; fileRef = D0AA001CD5E34A0090B10001 /* Community.swift */; };
		D1AA001DD5E34A0090B10001 /* ComputeJob.swift in Sources */ = {isa = PBXBuildFile; fileRef = D0AA001DD5E34A0090B10001 /* ComputeJob.swift */; };
		D1AA001ED5E34A0090B10001 /* DeveloperSDK.swift in Sources */ = {isa = PBXBuildFile; fileRef = D0AA001ED5E34A0090B10001 /* DeveloperSDK.swift */; };
		D1AA001FD5E34A0090B10001 /* PerformanceMetric.swift in Sources */ = {isa = PBXBuildFile; fileRef = D0AA001FD5E34A0090B10001 /* PerformanceMetric.swift */; };
		D1AA0020D5E34A0090B10001 /* PrivacyConfig.swift in Sources */ = {isa = PBXBuildFile; fileRef = D0AA0020D5E34A0090B10001 /* PrivacyConfig.swift */; };
		D1AA0021D5E34A0090B10001 /* TokenEconomy.swift in Sources */ = {isa = PBXBuildFile; fileRef = D0AA0021D5E34A0090B10001 /* TokenEconomy.swift */; };
		D1AA0022D5E34A0090B10001 /* AppearanceMode.swift in Sources */ = {isa = PBXBuildFile; fileRef = D0AA0022D5E34A0090B10001 /* AppearanceMode.swift */; };
/* End PBXBuildFile section */

/* Begin PBXContainerItemProxy section */
		A7B8C9DA0100000000000001 /* PBXContainerItemProxy */ = {
			isa = PBXContainerItemProxy;
			containerPortal = 101EB9685E73B1F469ABFA35 /* Project object */;
			proxyType = 1;
			remoteGlobalIDString = A5B6C7D80100000000000001;
			remoteInfo = ClawPhonesShare;
		};
		C1AA1010D5E34A0090B10001 /* PBXContainerItemProxy */ = {
			isa = PBXContainerItemProxy;
			containerPortal = 101EB9685E73B1F469ABFA35 /* Project object */;
			proxyType = 1;
			remoteGlobalIDString = E0AA911DA650DD5907F19F75;
			remoteInfo = ClawPhones;
		};
/* End PBXContainerItemProxy section */

/* Begin PBXCopyFilesBuildPhase section */
		A3B4C5D60100000000000004 /* Embed App Extensions */ = {
			isa = PBXCopyFilesBuildPhase;
			buildActionMask = 2147483647;
			dstPath = "";
			dstSubfolderSpec = 13;
			files = (
				A1B2C3D40100000000000003 /* ClawPhonesShare.appex in Embed App Extensions */,
			);
			name = "Embed App Extensions";
			runOnlyForDeploymentPostprocessing = 0;
		};
/* End PBXCopyFilesBuildPhase section */

/* Begin PBXFileReference section */
		0481E7B723374FBCA7BAB658 /* AuthViewModel.swift */ = {isa = PBXFileReference; lastKnownFileType = sourcecode.swift; path = AuthViewModel.swift; sourceTree = "<group>"; };
		06896E4FD29AE979B8155D6D /* Assets.xcassets */ = {isa = PBXFileReference; lastKnownFileType = folder.assetcatalog; path = Assets.xcassets; sourceTree = "<group>"; };
		0A672C209A8C2BFB13F1B726 /* ConversationListViewModel.swift */ = {isa = PBXFileReference; lastKnownFileType = sourcecode.swift; path = ConversationListViewModel.swift; sourceTree = "<group>"; };
		0C25043BCDD3165B1A9EE994 /* ContentView.swift */ = {isa = PBXFileReference; lastKnownFileType = sourcecode.swift; path = ContentView.swift; sourceTree = "<group>"; };
		1B8D12A6636D41058D5DB456 /* SettingsView.swift */ = {isa = PBXFileReference; lastKnownFileType = sourcecode.swift; path = SettingsView.swift; sourceTree = "<group>"; };
		30145ADC199352484415BA60 /* PrivacyInfo.xcprivacy */ = {isa = PBXFileReference; lastKnownFileType = text.plist.xml; path = PrivacyInfo.xcprivacy; sourceTree = "<group>"; };
		3AC5AE07859E9065699CB5FE /* ConversationListView.swift */ = {isa = PBXFileReference; lastKnownFileType = sourcecode.swift; path = ConversationListView.swift; sourceTree = "<group>"; };
		4F8A40DE8CD9B14BD1C5C292 /* Info.plist */ = {isa = PBXFileReference; lastKnownFileType = text.plist.xml; path = Info.plist; sourceTree = "<group>"; };
		C1D2E3F40102030405060709 /* LaunchScreen.storyboard */ = {isa = PBXFileReference; lastKnownFileType = file.storyboard; path = LaunchScreen.storyboard; sourceTree = "<group>"; };
		529105A52C7F000A0054A75F /* ChatInputBar.swift */ = {isa = PBXFileReference; lastKnownFileType = sourcecode.swift; path = ChatInputBar.swift; sourceTree = "<group>"; };
		575C0A74873CA4D4C6F87F30 /* MessageRow.swift */ = {isa = PBXFileReference; lastKnownFileType = sourcecode.swift; path = MessageRow.swift; sourceTree = "<group>"; };
		5B9BE935A3A036729805815B /* Message.swift */ = {isa = PBXFileReference; lastKnownFileType = sourcecode.swift; path = Message.swift; sourceTree = "<group>"; };
		5D64C35235EE4A72B4BCAC3D /* OnboardingView.swift */ = {isa = PBXFileReference; lastKnownFileType = sourcecode.swift; path = OnboardingView.swift; sourceTree = "<group>"; };
		5EAD2F1A17C0F9C1A142B457 /* OpenClawAPI.swift */ = {isa = PBXFileReference; lastKnownFileType = sourcecode.swift; path = OpenClawAPI.swift; sourceTree = "<group>"; };
		C8A11F59D2E84B0DA7F39001 /* AnalyticsService.swift */ = {isa = PBXFileReference; lastKnownFileType = sourcecode.swift; path = AnalyticsService.swift; sourceTree = "<group>"; };
		7671A61CD7494469A0232FFC /* LoginView.swift */ = {isa = PBXFileReference; lastKnownFileType = sourcecode.swift; path = LoginView.swift; sourceTree = "<group>"; };
		7BEB09C2D39E49319063F40F /* StreamChunk.swift */ = {isa = PBXFileReference; lastKnownFileType = sourcecode.swift; path = StreamChunk.swift; sourceTree = "<group>"; };
		7CF92F190A301C0B0D50AE02 /* AlertEventStore.swift */ = {isa = PBXFileReference; lastKnownFileType = sourcecode.swift; path = AlertEventStore.swift; sourceTree = "<group>"; };
		C3AB1E9F20F04B7EAA000002 /* AlertManager.swift */ = {isa = PBXFileReference; lastKnownFileType = sourcecode.swift; path = AlertManager.swift; sourceTree = "<group>"; };
		7CF92F190A301C0B0D50AE04 /* AlertDetailView.swift */ = {isa = PBXFileReference; lastKnownFileType = sourcecode.swift; path = AlertDetailView.swift; sourceTree = "<group>"; };
		7CF92F190A301C0B0D50AE06 /* AlertHistoryView.swift */ = {isa = PBXFileReference; lastKnownFileType = sourcecode.swift; path = AlertHistoryView.swift; sourceTree = "<group>"; };
		7CF92F190A301C0B0D50AE08 /* AlertEvent.swift */ = {isa = PBXFileReference; lastKnownFileType = sourcecode.swift; path = AlertEvent.swift; sourceTree = "<group>"; };
			862F703D18564A0E9CE80F46 /* SettingsViewModel.swift */ = {isa = PBXFileReference; lastKnownFileType = sourcecode.swift; path = SettingsViewModel.swift; sourceTree = "<group>"; };
			8BF3986839DCF6C9FD74576D /* SetupView.swift */ = {isa = PBXFileReference; lastKnownFileType = sourcecode.swift; path = SetupView.swift; sourceTree = "<group>"; };
			97D8E07F8EC6E306984E5477 /* ClawPhones.app */ = {isa = PBXFileReference; explicitFileType = wrapper.application; includeInIndex = 0; path = ClawPhones.app; sourceTree = BUILT_PRODUCTS_DIR; };
			9FBA20A8CB73F2866E2F8A02 /* BiometricAuthService.swift */ = {isa = PBXFileReference; lastKnownFileType = sourcecode.swift; path = BiometricAuthService.swift; sourceTree = "<group>"; };
			A2B3C4D50100000000000001 /* ClawPhonesShare.appex */ = {isa = PBXFileReference; explicitFileType = "wrapper.app-extension"; includeInIndex = 0; path = ClawPhonesShare.appex; sourceTree = BUILT_PRODUCTS_DIR; };
		A2B3C4D50100000000000002 /* ShareViewController.swift */ = {isa = PBXFileReference; lastKnownFileType = sourcecode.swift; path = ShareViewController.swift; sourceTree = "<group>"; };
		A2B3C4D50100000000000003 /* Info.plist */ = {isa = PBXFileReference; lastKnownFileType = text.plist.xml; path = Info.plist; sourceTree = "<group>"; };
		A2B3C4D50100000000000004 /* ClawPhonesShare.entitlements */ = {isa = PBXFileReference; lastKnownFileType = text.plist.entitlements; path = ClawPhonesShare.entitlements; sourceTree = "<group>"; };
		A2B3C4D50100000000000005 /* ClawPhones.entitlements */ = {isa = PBXFileReference; lastKnownFileType = text.plist.entitlements; path = ClawPhones.entitlements; sourceTree = "<group>"; };
		A2B3C4D50100000000000006 /* SharePayloadBridge.swift */ = {isa = PBXFileReference; lastKnownFileType = sourcecode.swift; path = SharePayloadBridge.swift; sourceTree = "<group>"; };
		A2B3C4D50100000000000007 /* MessageQueue.swift */ = {isa = PBXFileReference; lastKnownFileType = sourcecode.swift; path = MessageQueue.swift; sourceTree = "<group>"; };
		A2B3C4D50100000000000008 /* ConversationCache.swift */ = {isa = PBXFileReference; lastKnownFileType = sourcecode.swift; path = ConversationCache.swift; sourceTree = "<group>"; };
			C4F1E712A1C24F5B8D9A0B1C /* CrashReporter.swift */ = {isa = PBXFileReference; lastKnownFileType = sourcecode.swift; path = CrashReporter.swift; sourceTree = "<group>"; };
			DAA521445573D71EA58448AA /* ClawPhonesApp.swift */ = {isa = PBXFileReference; lastKnownFileType = sourcecode.swift; path = ClawPhonesApp.swift; sourceTree = "<group>"; };
			B8E2F5A1D0324B8C9F4E6A21 /* CoverageMapView.swift */ = {isa = PBXFileReference; lastKnownFileType = sourcecode.swift; path = CoverageMapView.swift; sourceTree = "<group>"; };
		C1AA1020D5E34A0090B10001 /* VisionDetector.swift */ = {isa = PBXFileReference; lastKnownFileType = sourcecode.swift; path = VisionDetector.swift; sourceTree = "<group>"; };
		C1AA1021D5E34A0090B10001 /* ClawPhonesTests.xctest */ = {isa = PBXFileReference; explicitFileType = wrapper.cfbundle; includeInIndex = 0; path = ClawPhonesTests.xctest; sourceTree = BUILT_PRODUCTS_DIR; };
		C1AA1022D5E34A0090B10001 /* VisionDetectorTests.swift */ = {isa = PBXFileReference; lastKnownFileType = sourcecode.swift; path = VisionDetectorTests.swift; sourceTree = "<group>"; };
		C1AA1023D5E34A0090B10001 /* person_sample.jpg */ = {isa = PBXFileReference; lastKnownFileType = image.jpeg; path = person_sample.jpg; sourceTree = "<group>"; };
		C1AA1024D5E34A0090B10001 /* animal_sample.jpg */ = {isa = PBXFileReference; lastKnownFileType = image.jpeg; path = animal_sample.jpg; sourceTree = "<group>"; };
			DFEA999748FD4880AE76B25A /* ChatView.swift */ = {isa = PBXFileReference; lastKnownFileType = sourcecode.swift; path = ChatView.swift; sourceTree = "<group>"; };
		B1D0E0C1A2B3000000000001 /* MotionDetector.swift */ = {isa = PBXFileReference; lastKnownFileType = sourcecode.swift; path = MotionDetector.swift; sourceTree = "<group>"; };
		B1D0E0C1A2B3000000000002 /* NodeModeService.swift */ = {isa = PBXFileReference; lastKnownFileType = sourcecode.swift; path = NodeModeService.swift; sourceTree = "<group>"; };
		B1D0E0C1A2B3000000000005 /* VoiceResponder.swift */ = {isa = PBXFileReference; lastKnownFileType = sourcecode.swift; path = VoiceResponder.swift; sourceTree = "<group>"; };
		B1D0E0C1A2B3000000000006 /* NodeModeSettingsView.swift */ = {isa = PBXFileReference; lastKnownFileType = sourcecode.swift; path = NodeModeSettingsView.swift; sourceTree = "<group>"; };
		E7EB7A9F06A699DF506EF17C /* DeviceConfig.swift */ = {isa = PBXFileReference; lastKnownFileType = sourcecode.swift; path = DeviceConfig.swift; sourceTree = "<group>"; };
		E958567AAFAC4CB4B2935E2F /* PlanView.swift */ = {isa = PBXFileReference; lastKnownFileType = sourcecode.swift; path = PlanView.swift; sourceTree = "<group>"; };
		F0D5888BD4C147DE81C8114D /* ThinkingIndicator.swift */ = {isa = PBXFileReference; lastKnownFileType = sourcecode.swift; path = ThinkingIndicator.swift; sourceTree = "<group>"; };
		F4B2C7939D4E41A1986A23C5 /* SpeechRecognizer.swift */ = {isa = PBXFileReference; lastKnownFileType = sourcecode.swift; path = SpeechRecognizer.swift; sourceTree = "<group>"; };
		F59290DE3BD6463EA50E0D45 /* AIConfigView.swift */ = {isa = PBXFileReference; lastKnownFileType = sourcecode.swift; path = AIConfigView.swift; sourceTree = "<group>"; };
		F978F2F0D2B85014470EDB1F /* KeychainHelper.swift */ = {isa = PBXFileReference; lastKnownFileType = sourcecode.swift; path = KeychainHelper.swift; sourceTree = "<group>"; };
		F978F2F0D2B85014470EDB20 /* RelayClient.swift */ = {isa = PBXFileReference; lastKnownFileType = sourcecode.swift; path = RelayClient.swift; sourceTree = "<group>"; };
		FB4B6AD8A22BC95F89042271 /* ChatViewModel.swift */ = {isa = PBXFileReference; lastKnownFileType = sourcecode.swift; path = ChatViewModel.swift; sourceTree = "<group>"; };
		D0AA0000D5E34A0090B10001 /* CommunityService.swift */ = {isa = PBXFileReference; lastKnownFileType = sourcecode.swift; path = CommunityService.swift; sourceTree = "<group>"; };
		D0AA0001D5E34A0090B10001 /* DeveloperService.swift */ = {isa = PBXFileReference; lastKnownFileType = sourcecode.swift; path = DeveloperService.swift; sourceTree = "<group>"; };
		D0AA0002D5E34A0090B10001 /* EdgeComputeService.swift */ = {isa = PBXFileReference; lastKnownFileType = sourcecode.swift; path = EdgeComputeService.swift; sourceTree = "<group>"; };
		D0AA0003D5E34A0090B10001 /* ErrorHandler.swift */ = {isa = PBXFileReference; lastKnownFileType = sourcecode.swift; path = ErrorHandler.swift; sourceTree = "<group>"; };
		D0AA0004D5E34A0090B10001 /* PerformanceService.swift */ = {isa = PBXFileReference; lastKnownFileType = sourcecode.swift; path = PerformanceService.swift; sourceTree = "<group>"; };
		D0AA0005D5E34A0090B10001 /* PrivacyService.swift */ = {isa = PBXFileReference; lastKnownFileType = sourcecode.swift; path = PrivacyService.swift; sourceTree = "<group>"; };
		D0AA0006D5E34A0090B10001 /* PushNotificationService.swift */ = {isa = PBXFileReference; lastKnownFileType = sourcecode.swift; path = PushNotificationService.swift; sourceTree = "<group>"; };
		D0AA0007D5E34A0090B10001 /* TaskMarketService.swift */ = {isa = PBXFileReference; lastKnownFileType = sourcecode.swift; path = TaskMarketService.swift; sourceTree = "<group>"; };
		D0AA0008D5E34A0090B10001 /* TokenEconomyService.swift */ = {isa = PBXFileReference; lastKnownFileType = sourcecode.swift; path = TokenEconomyService.swift; sourceTree = "<group>"; };
		D0AA0009D5E34A0090B10001 /* WebSocketService.swift */ = {isa = PBXFileReference; lastKnownFileType = sourcecode.swift; path = WebSocketService.swift; sourceTree = "<group>"; };
		D0AA000AD5E34A0090B10001 /* AuditLogView.swift */ = {isa = PBXFileReference; lastKnownFileType = sourcecode.swift; path = AuditLogView.swift; sourceTree = "<group>"; };
		D0AA000BD5E34A0090B10001 /* CommunityDetailView.swift */ = {isa = PBXFileReference; lastKnownFileType = sourcecode.swift; path = CommunityDetailView.swift; sourceTree = "<group>"; };
		D0AA000CD5E34A0090B10001 /* CommunityListView.swift */ = {isa = PBXFileReference; lastKnownFileType = sourcecode.swift; path = CommunityListView.swift; sourceTree = "<group>"; };
		D0AA000DD5E34A0090B10001 /* CommunitySettingsView.swift */ = {isa = PBXFileReference; lastKnownFileType = sourcecode.swift; path = CommunitySettingsView.swift; sourceTree = "<group>"; };
		D0AA000ED5E34A0090B10001 /* DeveloperPortalView.swift */ = {isa = PBXFileReference; lastKnownFileType = sourcecode.swift; path = DeveloperPortalView.swift; sourceTree = "<group>"; };
		D0AA000FD5E34A0090B10001 /* EarningsView.swift */ = {isa = PBXFileReference; lastKnownFileType = sourcecode.swift; path = EarningsView.swift; sourceTree = "<group>"; };
		D0AA0010D5E34A0090B10001 /* EdgeComputeView.swift */ = {isa = PBXFileReference; lastKnownFileType = sourcecode.swift; path = EdgeComputeView.swift; sourceTree = "<group>"; };
		D0AA0011D5E34A0090B10001 /* ExploreView.swift */ = {isa = PBXFileReference; lastKnownFileType = sourcecode.swift; path = ExploreView.swift; sourceTree = "<group>"; };
		D0AA0012D5E34A0090B10001 /* LeaderboardView.swift */ = {isa = PBXFileReference; lastKnownFileType = sourcecode.swift; path = LeaderboardView.swift; sourceTree = "<group>"; };
		D0AA0013D5E34A0090B10001 /* PerformanceDashboardView.swift */ = {isa = PBXFileReference; lastKnownFileType = sourcecode.swift; path = PerformanceDashboardView.swift; sourceTree = "<group>"; };
		D0AA0014D5E34A0090B10001 /* PluginMarketView.swift */ = {isa = PBXFileReference; lastKnownFileType = sourcecode.swift; path = PluginMarketView.swift; sourceTree = "<group>"; };
		D0AA0015D5E34A0090B10001 /* PrivacyCenterView.swift */ = {isa = PBXFileReference; lastKnownFileType = sourcecode.swift; path = PrivacyCenterView.swift; sourceTree = "<group>"; };
		D0AA0016D5E34A0090B10001 /* RewardsView.swift */ = {isa = PBXFileReference; lastKnownFileType = sourcecode.swift; path = RewardsView.swift; sourceTree = "<group>"; };
		D0AA0017D5E34A0090B10001 /* TaskDetailView.swift */ = {isa = PBXFileReference; lastKnownFileType = sourcecode.swift; path = TaskDetailView.swift; sourceTree = "<group>"; };
		D0AA0018D5E34A0090B10001 /* TaskListView.swift */ = {isa = PBXFileReference; lastKnownFileType = sourcecode.swift; path = TaskListView.swift; sourceTree = "<group>"; };
		D0AA0019D5E34A0090B10001 /* UsageDashboardView.swift */ = {isa = PBXFileReference; lastKnownFileType = sourcecode.swift; path = UsageDashboardView.swift; sourceTree = "<group>"; };
		D0AA001AD5E34A0090B10001 /* WalletView.swift */ = {isa = PBXFileReference; lastKnownFileType = sourcecode.swift; path = WalletView.swift; sourceTree = "<group>"; };
		D0AA001BD5E34A0090B10001 /* ClawTask.swift */ = {isa = PBXFileReference; lastKnownFileType = sourcecode.swift; path = ClawTask.swift; sourceTree = "<group>"; };
		D0AA001CD5E34A0090B10001 /* Community.swift */ = {isa = PBXFileReference; lastKnownFileType = sourcecode.swift; path = Community.swift; sourceTree = "<group>"; };
		D0AA001DD5E34A0090B10001 /* ComputeJob.swift */ = {isa = PBXFileReference; lastKnownFileType = sourcecode.swift; path = ComputeJob.swift; sourceTree = "<group>"; };
		D0AA001ED5E34A0090B10001 /* DeveloperSDK.swift */ = {isa = PBXFileReference; lastKnownFileType = sourcecode.swift; path = DeveloperSDK.swift; sourceTree = "<group>"; };
		D0AA001FD5E34A0090B10001 /* PerformanceMetric.swift */ = {isa = PBXFileReference; lastKnownFileType = sourcecode.swift; path = PerformanceMetric.swift; sourceTree = "<group>"; };
		D0AA0020D5E34A0090B10001 /* PrivacyConfig.swift */ = {isa = PBXFileReference; lastKnownFileType = sourcecode.swift; path = PrivacyConfig.swift; sourceTree = "<group>"; };
		D0AA0021D5E34A0090B10001 /* TokenEconomy.swift */ = {isa = PBXFileReference; lastKnownFileType = sourcecode.swift; path = TokenEconomy.swift; sourceTree = "<group>"; };
		D0AA0022D5E34A0090B10001 /* AppearanceMode.swift */ = {isa = PBXFileReference; lastKnownFileType = sourcecode.swift; path = AppearanceMode.swift; sourceTree = "<group>"; };
/* End PBXFileReference section */

/* Begin PBXFrameworksBuildPhase section */
		1AD1CBD8AA5254B9A3916324 /* Frameworks */ = {
			isa = PBXFrameworksBuildPhase;
			buildActionMask = 2147483647;
			files = (
			);
			runOnlyForDeploymentPostprocessing = 0;
		};
		A3B4C5D60100000000000002 /* Frameworks */ = {
			isa = PBXFrameworksBuildPhase;
			buildActionMask = 2147483647;
			files = (
			);
			runOnlyForDeploymentPostprocessing = 0;
		};
		C1AA1030D5E34A0090B10001 /* Frameworks */ = {
			isa = PBXFrameworksBuildPhase;
			buildActionMask = 2147483647;
			files = (
			);
			runOnlyForDeploymentPostprocessing = 0;
		};
/* End PBXFrameworksBuildPhase section */

/* Begin PBXGroup section */
		0B03332A480319ACB36EF24D /* Frameworks */ = {
			isa = PBXGroup;
			children = (
			);
			name = Frameworks;
			sourceTree = "<group>";
		};
		0F0664F2F27FB8FFE85AE77B /* ViewModels */ = {
			isa = PBXGroup;
			children = (
				0481E7B723374FBCA7BAB658 /* AuthViewModel.swift */,
				FB4B6AD8A22BC95F89042271 /* ChatViewModel.swift */,
				0A672C209A8C2BFB13F1B726 /* ConversationListViewModel.swift */,
				862F703D18564A0E9CE80F46 /* SettingsViewModel.swift */,
			);
			path = ViewModels;
			sourceTree = "<group>";
		};
		34F314203B094482B0EAA16A = {
			isa = PBXGroup;
			children = (
				DCCEDC410DB935B9E52FAE3E /* ClawPhones */,
				C1AA1040D5E34A0090B10001 /* ClawPhonesTests */,
				A4B5C6D70100000000000001 /* ClawPhonesShare */,
				0B03332A480319ACB36EF24D /* Frameworks */,
				8C1969BC5989E871C77EB3CC /* Products */,
			);
			sourceTree = "<group>";
		};
		C1AA1040D5E34A0090B10001 /* ClawPhonesTests */ = {
			isa = PBXGroup;
			children = (
				C1AA1022D5E34A0090B10001 /* VisionDetectorTests.swift */,
				C1AA1041D5E34A0090B10001 /* Fixtures */,
			);
			path = ClawPhonesTests;
			sourceTree = "<group>";
		};
		C1AA1041D5E34A0090B10001 /* Fixtures */ = {
			isa = PBXGroup;
			children = (
				C1AA1023D5E34A0090B10001 /* person_sample.jpg */,
				C1AA1024D5E34A0090B10001 /* animal_sample.jpg */,
			);
			path = Fixtures;
			sourceTree = "<group>";
		};
		3F30F51DD64BBFEA6B617FBB /* App */ = {
			isa = PBXGroup;
			children = (
				DAA521445573D71EA58448AA /* ClawPhonesApp.swift */,
				0C25043BCDD3165B1A9EE994 /* ContentView.swift */,
			
				D0AA0022D5E34A0090B10001 /* AppearanceMode.swift */,
);
			path = App;
			sourceTree = "<group>";
		};
		8807D7445080FFAB6588D255 /* Config */ = {
			isa = PBXGroup;
			children = (
				4F8A40DE8CD9B14BD1C5C292 /* Info.plist */,
				C1D2E3F40102030405060709 /* LaunchScreen.storyboard */,
				30145ADC199352484415BA60 /* PrivacyInfo.xcprivacy */,
				A2B3C4D50100000000000005 /* ClawPhones.entitlements */,
			);
			path = Config;
			sourceTree = "<group>";
		};
		8C1969BC5989E871C77EB3CC /* Products */ = {
			isa = PBXGroup;
			children = (
				97D8E07F8EC6E306984E5477 /* ClawPhones.app */,
				A2B3C4D50100000000000001 /* ClawPhonesShare.appex */,
				C1AA1021D5E34A0090B10001 /* ClawPhonesTests.xctest */,
			);
			name = Products;
			sourceTree = "<group>";
		};
			A42DDB42031A67342B35AD3C /* Services */ = {
				isa = PBXGroup;
				children = (
					B1D0E0C1A2B3000000000002 /* NodeModeService.swift */,
					B1D0E0C1A2B3000000000001 /* MotionDetector.swift */,
					B1D0E0C1A2B3000000000005 /* VoiceResponder.swift */,
					E7EB7A9F06A699DF506EF17C /* DeviceConfig.swift */,
					9FBA20A8CB73F2866E2F8A02 /* BiometricAuthService.swift */,
					F978F2F0D2B85014470EDB1F /* KeychainHelper.swift */,
					F978F2F0D2B85014470EDB20 /* RelayClient.swift */,
					5EAD2F1A17C0F9C1A142B457 /* OpenClawAPI.swift */,
					C1AA1020D5E34A0090B10001 /* VisionDetector.swift */,
					C8A11F59D2E84B0DA7F39001 /* AnalyticsService.swift */,
					7CF92F190A301C0B0D50AE02 /* AlertEventStore.swift */,
					C3AB1E9F20F04B7EAA000002 /* AlertManager.swift */,
				F4B2C7939D4E41A1986A23C5 /* SpeechRecognizer.swift */,
				C4F1E712A1C24F5B8D9A0B1C /* CrashReporter.swift */,
				A2B3C4D50100000000000006 /* SharePayloadBridge.swift */,
				A2B3C4D50100000000000007 /* MessageQueue.swift */,
				A2B3C4D50100000000000008 /* ConversationCache.swift */,
			
				D0AA0000D5E34A0090B10001 /* CommunityService.swift */,
				D0AA0001D5E34A0090B10001 /* DeveloperService.swift */,
				D0AA0002D5E34A0090B10001 /* EdgeComputeService.swift */,
				D0AA0003D5E34A0090B10001 /* ErrorHandler.swift */,
				D0AA0004D5E34A0090B10001 /* PerformanceService.swift */,
				D0AA0005D5E34A0090B10001 /* PrivacyService.swift */,
				D0AA0006D5E34A0090B10001 /* PushNotificationService.swift */,
				D0AA0007D5E34A0090B10001 /* TaskMarketService.swift */,
				D0AA0008D5E34A0090B10001 /* TokenEconomyService.swift */,
				D0AA0009D5E34A0090B10001 /* WebSocketService.swift */,
);
			path = Services;
			sourceTree = "<group>";
		};
		A4B5C6D70100000000000001 /* ClawPhonesShare */ = {
			isa = PBXGroup;
			children = (
				A2B3C4D50100000000000002 /* ShareViewController.swift */,
				A2B3C4D50100000000000003 /* Info.plist */,
				A2B3C4D50100000000000004 /* ClawPhonesShare.entitlements */,
			);
			path = ClawPhonesShare;
			sourceTree = "<group>";
		};
			A830CB08151C908F0230369D /* Views */ = {
				isa = PBXGroup;
				children = (
					F59290DE3BD6463EA50E0D45 /* AIConfigView.swift */,
					7CF92F190A301C0B0D50AE04 /* AlertDetailView.swift */,
					7CF92F190A301C0B0D50AE06 /* AlertHistoryView.swift */,
					DFEA999748FD4880AE76B25A /* ChatView.swift */,
					B8E2F5A1D0324B8C9F4E6A21 /* CoverageMapView.swift */,
					529105A52C7F000A0054A75F /* ChatInputBar.swift */,
					3AC5AE07859E9065699CB5FE /* ConversationListView.swift */,
					7671A61CD7494469A0232FFC /* LoginView.swift */,
				575C0A74873CA4D4C6F87F30 /* MessageRow.swift */,
				B1D0E0C1A2B3000000000006 /* NodeModeSettingsView.swift */,
				5D64C35235EE4A72B4BCAC3D /* OnboardingView.swift */,
				E958567AAFAC4CB4B2935E2F /* PlanView.swift */,
				1B8D12A6636D41058D5DB456 /* SettingsView.swift */,
				F0D5888BD4C147DE81C8114D /* ThinkingIndicator.swift */,
				8BF3986839DCF6C9FD74576D /* SetupView.swift */,
			
				D0AA000AD5E34A0090B10001 /* AuditLogView.swift */,
				D0AA000BD5E34A0090B10001 /* CommunityDetailView.swift */,
				D0AA000CD5E34A0090B10001 /* CommunityListView.swift */,
				D0AA000DD5E34A0090B10001 /* CommunitySettingsView.swift */,
				D0AA000ED5E34A0090B10001 /* DeveloperPortalView.swift */,
				D0AA000FD5E34A0090B10001 /* EarningsView.swift */,
				D0AA0010D5E34A0090B10001 /* EdgeComputeView.swift */,
				D0AA0011D5E34A0090B10001 /* ExploreView.swift */,
				D0AA0012D5E34A0090B10001 /* LeaderboardView.swift */,
				D0AA0013D5E34A0090B10001 /* PerformanceDashboardView.swift */,
				D0AA0014D5E34A0090B10001 /* PluginMarketView.swift */,
				D0AA0015D5E34A0090B10001 /* PrivacyCenterView.swift */,
				D0AA0016D5E34A0090B10001 /* RewardsView.swift */,
				D0AA0017D5E34A0090B10001 /* TaskDetailView.swift */,
				D0AA0018D5E34A0090B10001 /* TaskListView.swift */,
				D0AA0019D5E34A0090B10001 /* UsageDashboardView.swift */,
				D0AA001AD5E34A0090B10001 /* WalletView.swift */,
);
			path = Views;
			sourceTree = "<group>";
		};
		AB9101FEE8BC1B980D750FB8 /* Models */ = {
			isa = PBXGroup;
			children = (
				7CF92F190A301C0B0D50AE08 /* AlertEvent.swift */,
				5B9BE935A3A036729805815B /* Message.swift */,
				7BEB09C2D39E49319063F40F /* StreamChunk.swift */,
			
				D0AA001BD5E34A0090B10001 /* ClawTask.swift */,
				D0AA001CD5E34A0090B10001 /* Community.swift */,
				D0AA001DD5E34A0090B10001 /* ComputeJob.swift */,
				D0AA001ED5E34A0090B10001 /* DeveloperSDK.swift */,
				D0AA001FD5E34A0090B10001 /* PerformanceMetric.swift */,
				D0AA0020D5E34A0090B10001 /* PrivacyConfig.swift */,
				D0AA0021D5E34A0090B10001 /* TokenEconomy.swift */,
);
			path = Models;
			sourceTree = "<group>";
		};
		DCCEDC410DB935B9E52FAE3E /* ClawPhones */ = {
			isa = PBXGroup;
			children = (
				3F30F51DD64BBFEA6B617FBB /* App */,
				AB9101FEE8BC1B980D750FB8 /* Models */,
				A42DDB42031A67342B35AD3C /* Services */,
				0F0664F2F27FB8FFE85AE77B /* ViewModels */,
				A830CB08151C908F0230369D /* Views */,
				8807D7445080FFAB6588D255 /* Config */,
				06896E4FD29AE979B8155D6D /* Assets.xcassets */,
			);
			path = ClawPhones;
			sourceTree = "<group>";
		};
/* End PBXGroup section */

/* Begin PBXNativeTarget section */
		A5B6C7D80100000000000001 /* ClawPhonesShare */ = {
			isa = PBXNativeTarget;
			buildConfigurationList = A8B9C0D10100000000000001 /* Build configuration list for PBXNativeTarget "ClawPhonesShare" */;
			buildPhases = (
				A3B4C5D60100000000000001 /* Sources */,
				A3B4C5D60100000000000002 /* Frameworks */,
				A3B4C5D60100000000000003 /* Resources */,
			);
			buildRules = (
			);
			dependencies = (
			);
			name = ClawPhonesShare;
			productName = ClawPhonesShare;
			productReference = A2B3C4D50100000000000001 /* ClawPhonesShare.appex */;
			productType = "com.apple.product-type.app-extension";
		};
		E0AA911DA650DD5907F19F75 /* ClawPhones */ = {
			isa = PBXNativeTarget;
			buildConfigurationList = 95A640D87D6C63E4D169B490 /* Build configuration list for PBXNativeTarget "ClawPhones" */;
			buildPhases = (
				99E22745F57A8E61CEDF85E4 /* Sources */,
				1AD1CBD8AA5254B9A3916324 /* Frameworks */,
				8C44A463970F5127DD0F2AB2 /* Resources */,
				A3B4C5D60100000000000004 /* Embed App Extensions */,
			);
			buildRules = (
			);
			dependencies = (
				A6B7C8D90100000000000001 /* PBXTargetDependency */,
			);
			name = ClawPhones;
			productName = ClawPhones;
			productReference = 97D8E07F8EC6E306984E5477 /* ClawPhones.app */;
			productType = "com.apple.product-type.application";
		};
		C1AA1050D5E34A0090B10001 /* ClawPhonesTests */ = {
			isa = PBXNativeTarget;
			buildConfigurationList = C1AA1080D5E34A0090B10001 /* Build configuration list for PBXNativeTarget "ClawPhonesTests" */;
			buildPhases = (
				C1AA1060D5E34A0090B10001 /* Sources */,
				C1AA1030D5E34A0090B10001 /* Frameworks */,
				C1AA1070D5E34A0090B10001 /* Resources */,
			);
			buildRules = (
			);
			dependencies = (
				C1AA1090D5E34A0090B10001 /* PBXTargetDependency */,
			);
			name = ClawPhonesTests;
			productName = ClawPhonesTests;
			productReference = C1AA1021D5E34A0090B10001 /* ClawPhonesTests.xctest */;
			productType = "com.apple.product-type.bundle.unit-test";
		};
/* End PBXNativeTarget section */

/* Begin PBXProject section */
		101EB9685E73B1F469ABFA35 /* Project object */ = {
			isa = PBXProject;
			attributes = {
				LastUpgradeCheck = 1600;
				TargetAttributes = {
					E0AA911DA650DD5907F19F75 = {
						SystemCapabilities = {
							com.apple.BackgroundModes = {
								enabled = 1;
							};
						};
					};
				};
			};
			buildConfigurationList = 8FE9C3853D5B1C8A37321800 /* Build configuration list for PBXProject "ClawPhones" */;
			compatibilityVersion = "Xcode 15.0";
			developmentRegion = en;
			hasScannedForEncodings = 0;
			knownRegions = (
				en,
				Base,
			);
			mainGroup = 34F314203B094482B0EAA16A;
			productRefGroup = 8C1969BC5989E871C77EB3CC /* Products */;
			projectDirPath = "";
			projectRoot = "";
			targets = (
				E0AA911DA650DD5907F19F75 /* ClawPhones */,
				A5B6C7D80100000000000001 /* ClawPhonesShare */,
				C1AA1050D5E34A0090B10001 /* ClawPhonesTests */,
			);
		};
/* End PBXProject section */

/* Begin PBXResourcesBuildPhase section */
		8C44A463970F5127DD0F2AB2 /* Resources */ = {
			isa = PBXResourcesBuildPhase;
			buildActionMask = 2147483647;
			files = (
				96B5011849CE99D54BE27B2D /* Assets.xcassets in Resources */,
				C1D2E3F40102030405060708 /* LaunchScreen.storyboard in Resources */,
				449C4D244B7A1C00D4AD632E /* PrivacyInfo.xcprivacy in Resources */,
			);
			runOnlyForDeploymentPostprocessing = 0;
		};
		A3B4C5D60100000000000003 /* Resources */ = {
			isa = PBXResourcesBuildPhase;
			buildActionMask = 2147483647;
			files = (
			);
			runOnlyForDeploymentPostprocessing = 0;
		};
		C1AA1070D5E34A0090B10001 /* Resources */ = {
			isa = PBXResourcesBuildPhase;
			buildActionMask = 2147483647;
			files = (
				C1AA1003D5E34A0090B10001 /* person_sample.jpg in Resources */,
				C1AA1004D5E34A0090B10001 /* animal_sample.jpg in Resources */,
			);
			runOnlyForDeploymentPostprocessing = 0;
		};
/* End PBXResourcesBuildPhase section */

/* Begin PBXSourcesBuildPhase section */
		99E22745F57A8E61CEDF85E4 /* Sources */ = {
			isa = PBXSourcesBuildPhase;
			buildActionMask = 2147483647;
			files = (
				7B5A22A66466928C9A83C19F /* ClawPhonesApp.swift in Sources */,
				3E524F809A74A381D7863674 /* ContentView.swift in Sources */,
				D38A010CAD8646EA86AEEF5E /* AuthViewModel.swift in Sources */,
				6308C676767303AC938FD129 /* ChatViewModel.swift in Sources */,
					DD7A8C00A79304765E826751 /* ConversationListViewModel.swift in Sources */,
					7A4874AD115A4A1D944E52B8 /* SettingsViewModel.swift in Sources */,
					754FEB5C834448DA8E2246DE /* LoginView.swift in Sources */,
					3AC6F9CE2F15D28C81501EEA /* ChatView.swift in Sources */,
					A7D1E4F0C9214A7B8E3D5F10 /* CoverageMapView.swift in Sources */,
					87D417640B4FE90663F8EE30 /* MessageRow.swift in Sources */,
				B6E77F6C59C34F4A9E80B341 /* OnboardingView.swift in Sources */,
				28AEE08D26564514B758977B /* ThinkingIndicator.swift in Sources */,
				BF0C057F4C1EB0639041006A /* ChatInputBar.swift in Sources */,
				6B1685B1F341B6314DDB77A5 /* ConversationListView.swift in Sources */,
				8485D758DFF24CE48C63F490 /* SettingsView.swift in Sources */,
				B1D0E0C1A2B3000000000008 /* NodeModeSettingsView.swift in Sources */,
				E0824FE9B448855B1D60031B /* SetupView.swift in Sources */,
				E95210B60420431CA5A0F782 /* PlanView.swift in Sources */,
				C39C68C22C5D4627BE6656AB /* AIConfigView.swift in Sources */,
				7CF92F190A301C0B0D50AE03 /* AlertDetailView.swift in Sources */,
				7CF92F190A301C0B0D50AE05 /* AlertHistoryView.swift in Sources */,
				B909E20879439BD44BC7D68E /* Message.swift in Sources */,
				7CF92F190A301C0B0D50AE07 /* AlertEvent.swift in Sources */,
					4BBB5AC4A4384E83B3CB3E99 /* StreamChunk.swift in Sources */,
						53E6CFE2A6FB59CB700453BB /* KeychainHelper.swift in Sources */,
						53E6CFE2A6FB59CB700453BC /* RelayClient.swift in Sources */,
						7B76B91766B66B84EF03BA9A /* DeviceConfig.swift in Sources */,
						C1AA1001D5E34A0090B10001 /* VisionDetector.swift in Sources */,
					9FBA20A8CB73F2866E2F8A01 /* BiometricAuthService.swift in Sources */,
					A9B02360260017A42DC8546F /* OpenClawAPI.swift in Sources */,
					C8A11F59D2E84B0DA7F39002 /* AnalyticsService.swift in Sources */,
					B1D0E0C1A2B3000000000004 /* NodeModeService.swift in Sources */,
					B1D0E0C1A2B3000000000003 /* MotionDetector.swift in Sources */,
					B1D0E0C1A2B3000000000007 /* VoiceResponder.swift in Sources */,
					7CF92F190A301C0B0D50AE01 /* AlertEventStore.swift in Sources */,
					C3AB1E9F20F04B7EAA000001 /* AlertManager.swift in Sources */,
					A1D8B6377C8E4A5EA2F96B31 /* SpeechRecognizer.swift in Sources */,
				D5A2F823B2D34E6C9EAB1C2D /* CrashReporter.swift in Sources */,
				A1B2C3D40100000000000004 /* SharePayloadBridge.swift in Sources */,
				A1B2C3D40100000000000005 /* MessageQueue.swift in Sources */,
				A1B2C3D40100000000000006 /* ConversationCache.swift in Sources */,
			
				D1AA0000D5E34A0090B10001 /* CommunityService.swift in Sources */,
				D1AA0001D5E34A0090B10001 /* DeveloperService.swift in Sources */,
				D1AA0002D5E34A0090B10001 /* EdgeComputeService.swift in Sources */,
				D1AA0003D5E34A0090B10001 /* ErrorHandler.swift in Sources */,
				D1AA0004D5E34A0090B10001 /* PerformanceService.swift in Sources */,
				D1AA0005D5E34A0090B10001 /* PrivacyService.swift in Sources */,
				D1AA0006D5E34A0090B10001 /* PushNotificationService.swift in Sources */,
				D1AA0007D5E34A0090B10001 /* TaskMarketService.swift in Sources */,
				D1AA0008D5E34A0090B10001 /* TokenEconomyService.swift in Sources */,
				D1AA0009D5E34A0090B10001 /* WebSocketService.swift in Sources */,
				D1AA000AD5E34A0090B10001 /* AuditLogView.swift in Sources */,
				D1AA000BD5E34A0090B10001 /* CommunityDetailView.swift in Sources */,
				D1AA000CD5E34A0090B10001 /* CommunityListView.swift in Sources */,
				D1AA000DD5E34A0090B10001 /* CommunitySettingsView.swift in Sources */,
				D1AA000ED5E34A0090B10001 /* DeveloperPortalView.swift in Sources */,
				D1AA000FD5E34A0090B10001 /* EarningsView.swift in Sources */,
				D1AA0010D5E34A0090B10001 /* EdgeComputeView.swift in Sources */,
				D1AA0011D5E34A0090B10001 /* ExploreView.swift in Sources */,
				D1AA0012D5E34A0090B10001 /* LeaderboardView.swift in Sources */,
				D1AA0013D5E34A0090B10001 /* PerformanceDashboardView.swift in Sources */,
				D1AA0014D5E34A0090B10001 /* PluginMarketView.swift in Sources */,
				D1AA0015D5E34A0090B10001 /* PrivacyCenterView.swift in Sources */,
				D1AA0016D5E34A0090B10001 /* RewardsView.swift in Sources */,
				D1AA0017D5E34A0090B10001 /* TaskDetailView.swift in Sources */,
				D1AA0018D5E34A0090B10001 /* TaskListView.swift in Sources */,
				D1AA0019D5E34A0090B10001 /* UsageDashboardView.swift in Sources */,
				D1AA001AD5E34A0090B10001 /* WalletView.swift in Sources */,
				D1AA001BD5E34A0090B10001 /* ClawTask.swift in Sources */,
				D1AA001CD5E34A0090B10001 /* Community.swift in Sources */,
				D1AA001DD5E34A0090B10001 /* ComputeJob.swift in Sources */,
				D1AA001ED5E34A0090B10001 /* DeveloperSDK.swift in Sources */,
				D1AA001FD5E34A0090B10001 /* PerformanceMetric.swift in Sources */,
				D1AA0020D5E34A0090B10001 /* PrivacyConfig.swift in Sources */,
				D1AA0021D5E34A0090B10001 /* TokenEconomy.swift in Sources */,
				D1AA0022D5E34A0090B10001 /* AppearanceMode.swift in Sources */,
);
			runOnlyForDeploymentPostprocessing = 0;
		};
		A3B4C5D60100000000000001 /* Sources */ = {
			isa = PBXSourcesBuildPhase;
			buildActionMask = 2147483647;
			files = (
				A1B2C3D40100000000000001 /* ShareViewController.swift in Sources */,
			);
			runOnlyForDeploymentPostprocessing = 0;
		};
		C1AA1060D5E34A0090B10001 /* Sources */ = {
			isa = PBXSourcesBuildPhase;
			buildActionMask = 2147483647;
			files = (
				C1AA1002D5E34A0090B10001 /* VisionDetectorTests.swift in Sources */,
			);
			runOnlyForDeploymentPostprocessing = 0;
		};
/* End PBXSourcesBuildPhase section */

/* Begin PBXTargetDependency section */
		A6B7C8D90100000000000001 /* PBXTargetDependency */ = {
			isa = PBXTargetDependency;
			target = A5B6C7D80100000000000001 /* ClawPhonesShare */;
			targetProxy = A7B8C9DA0100000000000001 /* PBXContainerItemProxy */;
		};
		C1AA1090D5E34A0090B10001 /* PBXTargetDependency */ = {
			isa = PBXTargetDependency;
			target = E0AA911DA650DD5907F19F75 /* ClawPhones */;
			targetProxy = C1AA1010D5E34A0090B10001 /* PBXContainerItemProxy */;
		};
/* End PBXTargetDependency section */

/* Begin XCBuildConfiguration section */
		A3BD57E4E3807AC5943B860F /* Release */ = {
			isa = XCBuildConfiguration;
			buildSettings = {
				ALWAYS_SEARCH_USER_PATHS = NO;
				CLANG_ENABLE_MODULES = YES;
				CLANG_ENABLE_OBJC_ARC = YES;
				IPHONEOS_DEPLOYMENT_TARGET = 17.0;
				SDKROOT = iphoneos;
				SWIFT_COMPILATION_MODE = wholemodule;
				SWIFT_OPTIMIZATION_LEVEL = "-O";
			};
			name = Release;
		};
		A9B0C1D20100000000000001 /* Debug */ = {
			isa = XCBuildConfiguration;
			buildSettings = {
				APPLICATION_EXTENSION_API_ONLY = YES;
				CODE_SIGN_ENTITLEMENTS = ClawPhonesShare/ClawPhonesShare.entitlements;
				CODE_SIGN_STYLE = Automatic;
				CURRENT_PROJECT_VERSION = 1;
				DEVELOPMENT_TEAM = W9ZF4RC587;
				INFOPLIST_FILE = ClawPhonesShare/Info.plist;
				IPHONEOS_DEPLOYMENT_TARGET = 17.0;
				LD_RUNPATH_SEARCH_PATHS = (
					"$(inherited)",
					"@executable_path/Frameworks",
					"@executable_path/../../Frameworks",
				);
				MARKETING_VERSION = 1.0.0;
				PRODUCT_BUNDLE_IDENTIFIER = ai.clawphones.app.share;
				PRODUCT_NAME = "$(TARGET_NAME)";
				SKIP_INSTALL = YES;
				SWIFT_ACTIVE_COMPILATION_CONDITIONS = "DEBUG $(inherited)";
				SWIFT_VERSION = 5.0;
				TARGETED_DEVICE_FAMILY = "1,2";
			};
			name = Debug;
		};
		A9B0C1D20100000000000002 /* Release */ = {
			isa = XCBuildConfiguration;
			buildSettings = {
				APPLICATION_EXTENSION_API_ONLY = YES;
				CODE_SIGN_ENTITLEMENTS = ClawPhonesShare/ClawPhonesShare.entitlements;
				CODE_SIGN_STYLE = Automatic;
				CURRENT_PROJECT_VERSION = 1;
				DEVELOPMENT_TEAM = W9ZF4RC587;
				INFOPLIST_FILE = ClawPhonesShare/Info.plist;
				IPHONEOS_DEPLOYMENT_TARGET = 17.0;
				LD_RUNPATH_SEARCH_PATHS = (
					"$(inherited)",
					"@executable_path/Frameworks",
					"@executable_path/../../Frameworks",
				);
				MARKETING_VERSION = 1.0.0;
				PRODUCT_BUNDLE_IDENTIFIER = ai.clawphones.app.share;
				PRODUCT_NAME = "$(TARGET_NAME)";
				SKIP_INSTALL = YES;
				SWIFT_VERSION = 5.0;
				TARGETED_DEVICE_FAMILY = "1,2";
			};
			name = Release;
		};
		AB4D49399E25D9F34F62E5C6 /* Debug */ = {
			isa = XCBuildConfiguration;
			buildSettings = {
				ASSETCATALOG_COMPILER_APPICON_NAME = AppIcon;
				ASSETCATALOG_COMPILER_GENERATE_SWIFT_ASSET_SYMBOL_EXTENSIONS = YES;
				ASSETCATALOG_COMPILER_GLOBAL_ACCENT_COLOR_NAME = AccentColor;
				CODE_SIGN_ENTITLEMENTS = ClawPhones/Config/ClawPhones.entitlements;
				CODE_SIGN_STYLE = Automatic;
				CURRENT_PROJECT_VERSION = 1;
				DEVELOPMENT_TEAM = W9ZF4RC587;
				ENABLE_TESTABILITY = YES;
				ENABLE_PREVIEWS = YES;
				INFOPLIST_FILE = ClawPhones/Config/Info.plist;
				IPHONEOS_DEPLOYMENT_TARGET = 17.0;
				LD_RUNPATH_SEARCH_PATHS = (
					"$(inherited)",
					"@executable_path/Frameworks",
				);
				MARKETING_VERSION = 1.0.0;
				PRODUCT_BUNDLE_IDENTIFIER = ai.clawphones.app;
				PRODUCT_NAME = "$(TARGET_NAME)";
				SWIFT_ACTIVE_COMPILATION_CONDITIONS = "DEBUG $(inherited)";
				SWIFT_VERSION = 5.0;
				TARGETED_DEVICE_FAMILY = "1,2";
			};
			name = Debug;
		};
		C1AA10A0D5E34A0090B10001 /* Debug */ = {
			isa = XCBuildConfiguration;
			buildSettings = {
				BUNDLE_LOADER = "$(TEST_HOST)";
				CODE_SIGN_STYLE = Automatic;
				CURRENT_PROJECT_VERSION = 1;
				DEVELOPMENT_TEAM = W9ZF4RC587;
				GENERATE_INFOPLIST_FILE = YES;
				IPHONEOS_DEPLOYMENT_TARGET = 17.0;
				LD_RUNPATH_SEARCH_PATHS = (
					"$(inherited)",
					"@loader_path/Frameworks",
					"@executable_path/Frameworks",
				);
				MARKETING_VERSION = 1.0.0;
				PRODUCT_BUNDLE_IDENTIFIER = ai.clawphones.app.tests;
				PRODUCT_NAME = "$(TARGET_NAME)";
				SWIFT_ACTIVE_COMPILATION_CONDITIONS = "DEBUG $(inherited)";
				SWIFT_VERSION = 5.0;
				TARGETED_DEVICE_FAMILY = "1,2";
				TEST_HOST = "$(BUILT_PRODUCTS_DIR)/ClawPhones.app/ClawPhones";
			};
			name = Debug;
		};
		C1AA10A1D5E34A0090B10001 /* Release */ = {
			isa = XCBuildConfiguration;
			buildSettings = {
				BUNDLE_LOADER = "$(TEST_HOST)";
				CODE_SIGN_STYLE = Automatic;
				CURRENT_PROJECT_VERSION = 1;
				DEVELOPMENT_TEAM = W9ZF4RC587;
				GENERATE_INFOPLIST_FILE = YES;
				IPHONEOS_DEPLOYMENT_TARGET = 17.0;
				LD_RUNPATH_SEARCH_PATHS = (
					"$(inherited)",
					"@loader_path/Frameworks",
					"@executable_path/Frameworks",
				);
				MARKETING_VERSION = 1.0.0;
				PRODUCT_BUNDLE_IDENTIFIER = ai.clawphones.app.tests;
				PRODUCT_NAME = "$(TARGET_NAME)";
				SWIFT_VERSION = 5.0;
				TARGETED_DEVICE_FAMILY = "1,2";
				TEST_HOST = "$(BUILT_PRODUCTS_DIR)/ClawPhones.app/ClawPhones";
			};
			name = Release;
		};
		EA172FF13D5A375B78E9B9B3 /* Debug */ = {
			isa = XCBuildConfiguration;
			buildSettings = {
				ALWAYS_SEARCH_USER_PATHS = NO;
				CLANG_ENABLE_MODULES = YES;
				CLANG_ENABLE_OBJC_ARC = YES;
				IPHONEOS_DEPLOYMENT_TARGET = 17.0;
				SDKROOT = iphoneos;
				SWIFT_ACTIVE_COMPILATION_CONDITIONS = DEBUG;
				SWIFT_OPTIMIZATION_LEVEL = "-Onone";
			};
			name = Debug;
		};
		F2B5360977DE765EF0D53AB4 /* Release */ = {
			isa = XCBuildConfiguration;
			buildSettings = {
				ASSETCATALOG_COMPILER_APPICON_NAME = AppIcon;
				ASSETCATALOG_COMPILER_GENERATE_SWIFT_ASSET_SYMBOL_EXTENSIONS = YES;
				ASSETCATALOG_COMPILER_GLOBAL_ACCENT_COLOR_NAME = AccentColor;
				CODE_SIGN_ENTITLEMENTS = ClawPhones/Config/ClawPhones.entitlements;
				CODE_SIGN_STYLE = Automatic;
				CURRENT_PROJECT_VERSION = 1;
				DEVELOPMENT_TEAM = W9ZF4RC587;
				ENABLE_PREVIEWS = YES;
				INFOPLIST_FILE = ClawPhones/Config/Info.plist;
				IPHONEOS_DEPLOYMENT_TARGET = 17.0;
				LD_RUNPATH_SEARCH_PATHS = (
					"$(inherited)",
					"@executable_path/Frameworks",
				);
				MARKETING_VERSION = 1.0.0;
				PRODUCT_BUNDLE_IDENTIFIER = ai.clawphones.app;
				PRODUCT_NAME = "$(TARGET_NAME)";
				SWIFT_VERSION = 5.0;
				TARGETED_DEVICE_FAMILY = "1,2";
			};
			name = Release;
		};
/* End XCBuildConfiguration section */

/* Begin XCConfigurationList section */
		8FE9C3853D5B1C8A37321800 /* Build configuration list for PBXProject "ClawPhones" */ = {
			isa = XCConfigurationList;
			buildConfigurations = (
				EA172FF13D5A375B78E9B9B3 /* Debug */,
				A3BD57E4E3807AC5943B860F /* Release */,
			);
			defaultConfigurationIsVisible = 0;
			defaultConfigurationName = Release;
		};
		95A640D87D6C63E4D169B490 /* Build configuration list for PBXNativeTarget "ClawPhones" */ = {
			isa = XCConfigurationList;
			buildConfigurations = (
				AB4D49399E25D9F34F62E5C6 /* Debug */,
				F2B5360977DE765EF0D53AB4 /* Release */,
			);
			defaultConfigurationIsVisible = 0;
			defaultConfigurationName = Release;
		};
		A8B9C0D10100000000000001 /* Build configuration list for PBXNativeTarget "ClawPhonesShare" */ = {
			isa = XCConfigurationList;
			buildConfigurations = (
				A9B0C1D20100000000000001 /* Debug */,
				A9B0C1D20100000000000002 /* Release */,
			);
			defaultConfigurationIsVisible = 0;
			defaultConfigurationName = Release;
		};
		C1AA1080D5E34A0090B10001 /* Build configuration list for PBXNativeTarget "ClawPhonesTests" */ = {
			isa = XCConfigurationList;
			buildConfigurations = (
				C1AA10A0D5E34A0090B10001 /* Debug */,
				C1AA10A1D5E34A0090B10001 /* Release */,
			);
			defaultConfigurationIsVisible = 0;
			defaultConfigurationName = Release;
		};
/* End XCConfigurationList section */
	};
	rootObject = 101EB9685E73B1F469ABFA35 /* Project object */;
}
